
Microsoft Visual Studio Solution File, Format Version 12.00
# Visual Studio Version 17
VisualStudioVersion = 17.6.33815.320
MinimumVisualStudioVersion = 10.0.40219.1
Project("{FAE04EC0-301F-11D3-BF4B-00C04F79EFBC}") = "Class_Of_Delegate", "Class_Of_Delegate\Class_Of_Delegate.csproj", "{76C7529B-6B76-4D63-8D51-53BED943AF88}"
EndProject
Global
	GlobalSection(SolutionConfigurationPlatforms) = preSolution
		Debug|Any CPU = Debug|Any CPU
		Release|Any CPU = Release|Any CPU
	EndGlobalSection
	GlobalSection(ProjectConfigurationPlatforms) = postSolution
		{76C7529B-6B76-4D63-8D51-53BED943AF88}.Debug|Any CPU.ActiveCfg = Debug|Any CPU
		{76C7529B-6B76-4D63-8D51-53BED943AF88}.Debug|Any CPU.Build.0 = Debug|Any CPU
		{76C7529B-6B76-4D63-8D51-53BED943AF88}.Release|Any CPU.ActiveCfg = Release|Any CPU
		{76C7529B-6B76-4D63-8D51-53BED943AF88}.Release|Any CPU.Build.0 = Release|Any CPU
	EndGlobalSection
	GlobalSection(SolutionProperties) = preSolution
		HideSolutionNode = FALSE
	EndGlobalSection
	GlobalSection(ExtensibilityGlobals) = postSolution
		SolutionGuid = {AC3026B5-850F-4660-98EF-B6E57D987B14}
	EndGlobalSection
EndGlobal
